
Microsoft Visual Studio Solution File, Format Version 12.00
# Visual Studio Version 16
VisualStudioVersion = 16.0.30717.126
MinimumVisualStudioVersion = 10.0.40219.1
Project("{FAE04EC0-301F-11D3-BF4B-00C04F79EFBC}") = "BLOG_Project.EntityLayer", "BLOG_Project.EntityLayer\BLOG_Project.EntityLayer.csproj", "{BB4A62E2-47CF-4AB0-8509-7EF52C2B6DF3}"
EndProject
Project("{FAE04EC0-301F-11D3-BF4B-00C04F79EFBC}") = "BLOG_Project.MapLayer", "BLOG_Project.MapLayer\BLOG_Project.MapLayer.csproj", "{30696732-7C0E-42B3-8EA3-2B87E26B0A84}"
EndProject
Project("{FAE04EC0-301F-11D3-BF4B-00C04F79EFBC}") = "BLOG_Project.DataAccessLayer", "BLOG_Project.DataAccessLayer\BLOG_Project.DataAccessLayer.csproj", "{562BC07C-5E13-4A60-B58B-AABFC3019078}"
EndProject
Project("{FAE04EC0-301F-11D3-BF4B-00C04F79EFBC}") = "BLOG_Project.UI", "BLOG_Project.UI\BLOG_Project.UI.csproj", "{7D9B6FA4-C91C-458C-8DA4-CA17B2D42191}"
EndProject
Project("{FAE04EC0-301F-11D3-BF4B-00C04F79EFBC}") = "BLOG_Project.Utility", "BLOG_Project.Utility\BLOG_Project.Utility.csproj", "{5A6B6588-4A4D-4FC2-B795-71C953D62A65}"
EndProject
Global
	GlobalSection(SolutionConfigurationPlatforms) = preSolution
		Debug|Any CPU = Debug|Any CPU
		Release|Any CPU = Release|Any CPU
	EndGlobalSection
	GlobalSection(ProjectConfigurationPlatforms) = postSolution
		{BB4A62E2-47CF-4AB0-8509-7EF52C2B6DF3}.Debug|Any CPU.ActiveCfg = Debug|Any CPU
		{BB4A62E2-47CF-4AB0-8509-7EF52C2B6DF3}.Debug|Any CPU.Build.0 = Debug|Any CPU
		{BB4A62E2-47CF-4AB0-8509-7EF52C2B6DF3}.Release|Any CPU.ActiveCfg = Release|Any CPU
		{BB4A62E2-47CF-4AB0-8509-7EF52C2B6DF3}.Release|Any CPU.Build.0 = Release|Any CPU
		{30696732-7C0E-42B3-8EA3-2B87E26B0A84}.Debug|Any CPU.ActiveCfg = Debug|Any CPU
		{30696732-7C0E-42B3-8EA3-2B87E26B0A84}.Debug|Any CPU.Build.0 = Debug|Any CPU
		{30696732-7C0E-42B3-8EA3-2B87E26B0A84}.Release|Any CPU.ActiveCfg = Release|Any CPU
		{30696732-7C0E-42B3-8EA3-2B87E26B0A84}.Release|Any CPU.Build.0 = Release|Any CPU
		{562BC07C-5E13-4A60-B58B-AABFC3019078}.Debug|Any CPU.ActiveCfg = Debug|Any CPU
		{562BC07C-5E13-4A60-B58B-AABFC3019078}.Debug|Any CPU.Build.0 = Debug|Any CPU
		{562BC07C-5E13-4A60-B58B-AABFC3019078}.Release|Any CPU.ActiveCfg = Release|Any CPU
		{562BC07C-5E13-4A60-B58B-AABFC3019078}.Release|Any CPU.Build.0 = Release|Any CPU
		{7D9B6FA4-C91C-458C-8DA4-CA17B2D42191}.Debug|Any CPU.ActiveCfg = Debug|Any CPU
		{7D9B6FA4-C91C-458C-8DA4-CA17B2D42191}.Debug|Any CPU.Build.0 = Debug|Any CPU
		{7D9B6FA4-C91C-458C-8DA4-CA17B2D42191}.Release|Any CPU.ActiveCfg = Release|Any CPU
		{7D9B6FA4-C91C-458C-8DA4-CA17B2D42191}.Release|Any CPU.Build.0 = Release|Any CPU
		{5A6B6588-4A4D-4FC2-B795-71C953D62A65}.Debug|Any CPU.ActiveCfg = Debug|Any CPU
		{5A6B6588-4A4D-4FC2-B795-71C953D62A65}.Debug|Any CPU.Build.0 = Debug|Any CPU
		{5A6B6588-4A4D-4FC2-B795-71C953D62A65}.Release|Any CPU.ActiveCfg = Release|Any CPU
		{5A6B6588-4A4D-4FC2-B795-71C953D62A65}.Release|Any CPU.Build.0 = Release|Any CPU
	EndGlobalSection
	GlobalSection(SolutionProperties) = preSolution
		HideSolutionNode = FALSE
	EndGlobalSection
	GlobalSection(ExtensibilityGlobals) = postSolution
		SolutionGuid = {48B9FA91-9E6C-45E5-9250-7C662A0F0865}
	EndGlobalSection
EndGlobal
